
Microsoft Visual Studio Solution File, Format Version 12.00
# Visual Studio Version 16
VisualStudioVersion = 16.0.31205.134
MinimumVisualStudioVersion = 10.0.40219.1
Project("{FAE04EC0-301F-11D3-BF4B-00C04F79EFBC}") = "WebApp", "WebApp\WebApp.csproj", "{25077CAE-D874-4AAB-AEBA-EC242AAF3BE2}"
EndProject
Global
	GlobalSection(SolutionConfigurationPlatforms) = preSolution
		Debug|Any CPU = Debug|Any CPU
		Release|Any CPU = Release|Any CPU
	EndGlobalSection
	GlobalSection(ProjectConfigurationPlatforms) = postSolution
		{25077CAE-D874-4AAB-AEBA-EC242AAF3BE2}.Debug|Any CPU.ActiveCfg = Debug|Any CPU
		{25077CAE-D874-4AAB-AEBA-EC242AAF3BE2}.Debug|Any CPU.Build.0 = Debug|Any CPU
		{25077CAE-D874-4AAB-AEBA-EC242AAF3BE2}.Release|Any CPU.ActiveCfg = Release|Any CPU
		{25077CAE-D874-4AAB-AEBA-EC242AAF3BE2}.Release|Any CPU.Build.0 = Release|Any CPU
	EndGlobalSection
	GlobalSection(SolutionProperties) = preSolution
		HideSolutionNode = FALSE
	EndGlobalSection
	GlobalSection(ExtensibilityGlobals) = postSolution
		SolutionGuid = {9C237287-F877-4726-AF4F-8CCF44A5B96C}
	EndGlobalSection
EndGlobal
